// !$*UTF8*$!
{
	archiveVersion = 1;
	classes = {
	};
	objectVersion = 56;
	objects = {

/* Begin PBXBuildFile section */
		0A8F170F63189812D3D59833 /* Pods_SocialGame.framework in Frameworks */ = {isa = PBXBuildFile; fileRef = 07C15522EFCBCC0F0281E0D1 /* Pods_SocialGame.framework */; };
		F90348BC2B83E24100137012 /* MapLocationViewController.swift in Sources */ = {isa = PBXBuildFile; fileRef = F90348BB2B83E24100137012 /* MapLocationViewController.swift */; };
		F90348C02B862CE900137012 /* GetGameModel.swift in Sources */ = {isa = PBXBuildFile; fileRef = F90348BF2B862CE900137012 /* GetGameModel.swift */; };
		F90348C22B86607B00137012 /* GamePlayersModel.swift in Sources */ = {isa = PBXBuildFile; fileRef = F90348C12B86607B00137012 /* GamePlayersModel.swift */; };
		F91269952B80E22F00C82251 /* CategoryListViewController.swift in Sources */ = {isa = PBXBuildFile; fileRef = F91269942B80E22F00C82251 /* CategoryListViewController.swift */; };
		F91269972B80EC4000C82251 /* GameDetailViewController.swift in Sources */ = {isa = PBXBuildFile; fileRef = F91269962B80EC4000C82251 /* GameDetailViewController.swift */; };
		F938A72C2B88FB20009B13FD /* ContactUsViewController.swift in Sources */ = {isa = PBXBuildFile; fileRef = F938A72B2B88FB20009B13FD /* ContactUsViewController.swift */; };
		F94DE31D2B7E6BEC0088CCBE /* GamesTableViewCell.swift in Sources */ = {isa = PBXBuildFile; fileRef = F94DE31B2B7E6BEC0088CCBE /* GamesTableViewCell.swift */; };
		F94DE31E2B7E6BEC0088CCBE /* GamesTableViewCell.xib in Resources */ = {isa = PBXBuildFile; fileRef = F94DE31C2B7E6BEC0088CCBE /* GamesTableViewCell.xib */; };
		F97C05C62B7A7A3D00793360 /* LoginViewController.swift in Sources */ = {isa = PBXBuildFile; fileRef = F97C05C52B7A7A3D00793360 /* LoginViewController.swift */; };
		F97C05C82B7A7A6F00793360 /* SelectLanguageViewController.swift in Sources */ = {isa = PBXBuildFile; fileRef = F97C05C72B7A7A6F00793360 /* SelectLanguageViewController.swift */; };
		F97C05E62B7A7C5B00793360 /* AppSharedData.swift in Sources */ = {isa = PBXBuildFile; fileRef = F97C05CB2B7A7C5B00793360 /* AppSharedData.swift */; };
		F97C05E72B7A7C5B00793360 /* RegistrationModel.swift in Sources */ = {isa = PBXBuildFile; fileRef = F97C05CD2B7A7C5B00793360 /* RegistrationModel.swift */; };
		F97C05E82B7A7C5B00793360 /* CategoryModel.swift in Sources */ = {isa = PBXBuildFile; fileRef = F97C05CE2B7A7C5B00793360 /* CategoryModel.swift */; };
		F97C05E92B7A7C5B00793360 /* LoginModel.swift in Sources */ = {isa = PBXBuildFile; fileRef = F97C05CF2B7A7C5B00793360 /* LoginModel.swift */; };
		F97C05EA2B7A7C5B00793360 /* StoreModel.swift in Sources */ = {isa = PBXBuildFile; fileRef = F97C05D02B7A7C5B00793360 /* StoreModel.swift */; };
		F97C05EB2B7A7C5B00793360 /* NotificationModel.swift in Sources */ = {isa = PBXBuildFile; fileRef = F97C05D12B7A7C5B00793360 /* NotificationModel.swift */; };
		F97C05EC2B7A7C5B00793360 /* UserModel.swift in Sources */ = {isa = PBXBuildFile; fileRef = F97C05D22B7A7C5B00793360 /* UserModel.swift */; };
		F97C05ED2B7A7C5B00793360 /* HomeModel.swift in Sources */ = {isa = PBXBuildFile; fileRef = F97C05D32B7A7C5B00793360 /* HomeModel.swift */; };
		F97C05EE2B7A7C5B00793360 /* CircularProgressBar.swift in Sources */ = {isa = PBXBuildFile; fileRef = F97C05D52B7A7C5B00793360 /* CircularProgressBar.swift */; };
		F97C05EF2B7A7C5B00793360 /* FloatRatingView.swift in Sources */ = {isa = PBXBuildFile; fileRef = F97C05D72B7A7C5B00793360 /* FloatRatingView.swift */; };
		F97C05F02B7A7C5B00793360 /* CustomUITextField.swift in Sources */ = {isa = PBXBuildFile; fileRef = F97C05D82B7A7C5B00793360 /* CustomUITextField.swift */; };
		F97C05F12B7A7C5B00793360 /* MediaPicker.swift in Sources */ = {isa = PBXBuildFile; fileRef = F97C05D92B7A7C5B00793360 /* MediaPicker.swift */; };
		F97C05F22B7A7C5B00793360 /* TimePickerManager.swift in Sources */ = {isa = PBXBuildFile; fileRef = F97C05DA2B7A7C5B00793360 /* TimePickerManager.swift */; };
		F97C05F32B7A7C5B00793360 /* AlertViewController.swift in Sources */ = {isa = PBXBuildFile; fileRef = F97C05DB2B7A7C5B00793360 /* AlertViewController.swift */; };
		F97C05F42B7A7C5B00793360 /* MessageConstant.swift in Sources */ = {isa = PBXBuildFile; fileRef = F97C05DC2B7A7C5B00793360 /* MessageConstant.swift */; };
		F97C05F52B7A7C5B00793360 /* century.ttf in Resources */ = {isa = PBXBuildFile; fileRef = F97C05DD2B7A7C5B00793360 /* century.ttf */; };
		F97C05F62B7A7C5B00793360 /* Extensions.swift in Sources */ = {isa = PBXBuildFile; fileRef = F97C05DE2B7A7C5B00793360 /* Extensions.swift */; };
		F97C05F72B7A7C5B00793360 /* CustomUIView.swift in Sources */ = {isa = PBXBuildFile; fileRef = F97C05DF2B7A7C5B00793360 /* CustomUIView.swift */; };
		F97C05F82B7A7C5B00793360 /* RDTextView.swift in Sources */ = {isa = PBXBuildFile; fileRef = F97C05E02B7A7C5B00793360 /* RDTextView.swift */; };
		F97C05F92B7A7C5B00793360 /* TableViewExtension.swift in Sources */ = {isa = PBXBuildFile; fileRef = F97C05E12B7A7C5B00793360 /* TableViewExtension.swift */; };
		F97C05FA2B7A7C5B00793360 /* WebServiceManager.swift in Sources */ = {isa = PBXBuildFile; fileRef = F97C05E32B7A7C5B00793360 /* WebServiceManager.swift */; };
		F97C05FC2B7A7C5B00793360 /* WebServiceHelper.swift in Sources */ = {isa = PBXBuildFile; fileRef = F97C05E52B7A7C5B00793360 /* WebServiceHelper.swift */; };
		F97C05FF2B7A858900793360 /* SelectLanguageTableViewCell.xib in Resources */ = {isa = PBXBuildFile; fileRef = F97C05FE2B7A858900793360 /* SelectLanguageTableViewCell.xib */; };
		F97C06012B7A8A1100793360 /* SelectLanguageTableViewCell.swift in Sources */ = {isa = PBXBuildFile; fileRef = F97C06002B7A8A1100793360 /* SelectLanguageTableViewCell.swift */; };
		F97C06042B7A99A600793360 /* ForgotPasswordViewController.swift in Sources */ = {isa = PBXBuildFile; fileRef = F97C06032B7A99A600793360 /* ForgotPasswordViewController.swift */; };
		F97DF77B2B87446F00E7BB66 /* GameDetailPlayersCollectionViewCell.swift in Sources */ = {isa = PBXBuildFile; fileRef = F97DF7792B87446F00E7BB66 /* GameDetailPlayersCollectionViewCell.swift */; };
		F97DF77C2B87446F00E7BB66 /* GameDetailPlayersCollectionViewCell.xib in Resources */ = {isa = PBXBuildFile; fileRef = F97DF77A2B87446F00E7BB66 /* GameDetailPlayersCollectionViewCell.xib */; };
		F97DF77E2B8747D800E7BB66 /* MyGamesListTableViewCell.swift in Sources */ = {isa = PBXBuildFile; fileRef = F97DF77D2B8747D800E7BB66 /* MyGamesListTableViewCell.swift */; };
		F97DF7842B87639D00E7BB66 /* LocationSearchResultsViewController.swift in Sources */ = {isa = PBXBuildFile; fileRef = F97DF7802B87639D00E7BB66 /* LocationSearchResultsViewController.swift */; };
		F97DF7852B87639D00E7BB66 /* Location.swift in Sources */ = {isa = PBXBuildFile; fileRef = F97DF7812B87639D00E7BB66 /* Location.swift */; };
		F97DF7862B87639D00E7BB66 /* LocationPickerViewController.swift in Sources */ = {isa = PBXBuildFile; fileRef = F97DF7822B87639D00E7BB66 /* LocationPickerViewController.swift */; };
		F97DF7872B87639D00E7BB66 /* SearchHistoryManager.swift in Sources */ = {isa = PBXBuildFile; fileRef = F97DF7832B87639D00E7BB66 /* SearchHistoryManager.swift */; };
		F97DF7892B8763FD00E7BB66 /* LocationPicker.storyboard in Resources */ = {isa = PBXBuildFile; fileRef = F97DF7882B8763FD00E7BB66 /* LocationPicker.storyboard */; };
		F97DF78B2B876D6800E7BB66 /* LocationService.swift in Sources */ = {isa = PBXBuildFile; fileRef = F97DF78A2B876D6800E7BB66 /* LocationService.swift */; };
		F9802DBA2B77F69A00C528C8 /* AppDelegate.swift in Sources */ = {isa = PBXBuildFile; fileRef = F9802DB92B77F69A00C528C8 /* AppDelegate.swift */; };
		F9802DBE2B77F69A00C528C8 /* ViewController.swift in Sources */ = {isa = PBXBuildFile; fileRef = F9802DBD2B77F69A00C528C8 /* ViewController.swift */; };
		F9802DC12B77F69A00C528C8 /* Main.storyboard in Resources */ = {isa = PBXBuildFile; fileRef = F9802DBF2B77F69A00C528C8 /* Main.storyboard */; };
		F9802DC32B77F69B00C528C8 /* Assets.xcassets in Resources */ = {isa = PBXBuildFile; fileRef = F9802DC22B77F69B00C528C8 /* Assets.xcassets */; };
		F9802DC62B77F69B00C528C8 /* LaunchScreen.storyboard in Resources */ = {isa = PBXBuildFile; fileRef = F9802DC42B77F69B00C528C8 /* LaunchScreen.storyboard */; };
		F995135C2B80CBEB00BBC115 /* credentials.plist in Resources */ = {isa = PBXBuildFile; fileRef = F995135B2B80CBEB00BBC115 /* credentials.plist */; };
		F9AABC9C2B7FCC6600B42A00 /* Grandview.ttf in Resources */ = {isa = PBXBuildFile; fileRef = F9AABC9A2B7FCC6600B42A00 /* Grandview.ttf */; };
		F9AABC9D2B7FCC6600B42A00 /* GrandviewBold.ttf in Resources */ = {isa = PBXBuildFile; fileRef = F9AABC9B2B7FCC6600B42A00 /* GrandviewBold.ttf */; };
		F9B1192C2B82671700F6CF91 /* ChatListTableViewCell.swift in Sources */ = {isa = PBXBuildFile; fileRef = F9B1192B2B82671700F6CF91 /* ChatListTableViewCell.swift */; };
		F9B1192E2B827BB500F6CF91 /* ChatListTableViewCell.xib in Resources */ = {isa = PBXBuildFile; fileRef = F9B1192D2B827BB500F6CF91 /* ChatListTableViewCell.xib */; };
		F9B119302B827F3C00F6CF91 /* ChatDetailViewController.swift in Sources */ = {isa = PBXBuildFile; fileRef = F9B1192F2B827F3C00F6CF91 /* ChatDetailViewController.swift */; };
		F9B119322B8282D300F6CF91 /* ChatDetailModel.swift in Sources */ = {isa = PBXBuildFile; fileRef = F9B119312B8282D300F6CF91 /* ChatDetailModel.swift */; };
		F9B60A142C26DC9F0094A10E /* GoogleService-Info.plist in Resources */ = {isa = PBXBuildFile; fileRef = F9B60A132C26DC9F0094A10E /* GoogleService-Info.plist */; };
		F9B60A2A2C26EE450094A10E /* Localizable.strings in Resources */ = {isa = PBXBuildFile; fileRef = F9B60A282C26EE450094A10E /* Localizable.strings */; };
		F9B60A2C2C26EE620094A10E /* LocalizationSystem.swift in Sources */ = {isa = PBXBuildFile; fileRef = F9B60A2B2C26EE620094A10E /* LocalizationSystem.swift */; };
		F9C1DCCF2B81ECA100EEA285 /* ResetPasswordViewController.swift in Sources */ = {isa = PBXBuildFile; fileRef = F9C1DCCE2B81ECA100EEA285 /* ResetPasswordViewController.swift */; };
		F9C1DCD12B81EE1F00EEA285 /* WebVwViewController.swift in Sources */ = {isa = PBXBuildFile; fileRef = F9C1DCD02B81EE1E00EEA285 /* WebVwViewController.swift */; };
		F9D47F1A2C4D664600D6EF6F /* EULAViewController.swift in Sources */ = {isa = PBXBuildFile; fileRef = F9D47F192C4D664600D6EF6F /* EULAViewController.swift */; };
		F9DDE52E2B7BCA3000EE1A80 /* CategoriesCell.xib in Resources */ = {isa = PBXBuildFile; fileRef = F9DDE52D2B7BCA3000EE1A80 /* CategoriesCell.xib */; };
		F9DDE5302B7BCBBD00EE1A80 /* CategoriesCell.swift in Sources */ = {isa = PBXBuildFile; fileRef = F9DDE52F2B7BCBBD00EE1A80 /* CategoriesCell.swift */; };
		F9EE6E642B7A9CA50030F596 /* SignUpViewController.swift in Sources */ = {isa = PBXBuildFile; fileRef = F9EE6E632B7A9CA50030F596 /* SignUpViewController.swift */; };
		F9EE6E672B7AA3240030F596 /* TabBarViewController.swift in Sources */ = {isa = PBXBuildFile; fileRef = F9EE6E662B7AA3240030F596 /* TabBarViewController.swift */; };
		F9EE6E692B7AA40C0030F596 /* HomeViewController.swift in Sources */ = {isa = PBXBuildFile; fileRef = F9EE6E682B7AA40C0030F596 /* HomeViewController.swift */; };
		F9EE6E6B2B7AA41A0030F596 /* GamesViewController.swift in Sources */ = {isa = PBXBuildFile; fileRef = F9EE6E6A2B7AA41A0030F596 /* GamesViewController.swift */; };
		F9EE6E6D2B7AA4290030F596 /* CreateGameViewController.swift in Sources */ = {isa = PBXBuildFile; fileRef = F9EE6E6C2B7AA4290030F596 /* CreateGameViewController.swift */; };
		F9EE6E6F2B7AA4360030F596 /* ChatViewController.swift in Sources */ = {isa = PBXBuildFile; fileRef = F9EE6E6E2B7AA4360030F596 /* ChatViewController.swift */; };
		F9EE6E712B7AA4420030F596 /* ProfileViewController.swift in Sources */ = {isa = PBXBuildFile; fileRef = F9EE6E702B7AA4420030F596 /* ProfileViewController.swift */; };
		F9EF46902B80F8B100B3655C /* MyGamesViewController.swift in Sources */ = {isa = PBXBuildFile; fileRef = F9EF468F2B80F8B100B3655C /* MyGamesViewController.swift */; };
		F9EF46942B80F95100B3655C /* MyGamesListTableViewCell.xib in Resources */ = {isa = PBXBuildFile; fileRef = F9EF46922B80F95100B3655C /* MyGamesListTableViewCell.xib */; };
		F9EF46962B81E32900B3655C /* OtherUserProfileViewController.swift in Sources */ = {isa = PBXBuildFile; fileRef = F9EF46952B81E32900B3655C /* OtherUserProfileViewController.swift */; };
		F9EF46982B81E51900B3655C /* EditProfileViewController.swift in Sources */ = {isa = PBXBuildFile; fileRef = F9EF46972B81E51900B3655C /* EditProfileViewController.swift */; };
		F9F1456B2B79321000F88832 /* Auth.storyboard in Resources */ = {isa = PBXBuildFile; fileRef = F9F1456A2B79321000F88832 /* Auth.storyboard */; };
/* End PBXBuildFile section */

/* Begin PBXFileReference section */
		07C15522EFCBCC0F0281E0D1 /* Pods_SocialGame.framework */ = {isa = PBXFileReference; explicitFileType = wrapper.framework; includeInIndex = 0; path = Pods_SocialGame.framework; sourceTree = BUILT_PRODUCTS_DIR; };
		A827CA4965BFC4C690FC1F91 /* Pods-SocialGame.release.xcconfig */ = {isa = PBXFileReference; includeInIndex = 1; lastKnownFileType = text.xcconfig; name = "Pods-SocialGame.release.xcconfig"; path = "Target Support Files/Pods-SocialGame/Pods-SocialGame.release.xcconfig"; sourceTree = "<group>"; };
		D32D5BDC242359A370F24482 /* Pods-SocialGame.debug.xcconfig */ = {isa = PBXFileReference; includeInIndex = 1; lastKnownFileType = text.xcconfig; name = "Pods-SocialGame.debug.xcconfig"; path = "Target Support Files/Pods-SocialGame/Pods-SocialGame.debug.xcconfig"; sourceTree = "<group>"; };
		F90348BB2B83E24100137012 /* MapLocationViewController.swift */ = {isa = PBXFileReference; lastKnownFileType = sourcecode.swift; path = MapLocationViewController.swift; sourceTree = "<group>"; };
		F90348BF2B862CE900137012 /* GetGameModel.swift */ = {isa = PBXFileReference; lastKnownFileType = sourcecode.swift; path = GetGameModel.swift; sourceTree = "<group>"; };
		F90348C12B86607B00137012 /* GamePlayersModel.swift */ = {isa = PBXFileReference; lastKnownFileType = sourcecode.swift; path = GamePlayersModel.swift; sourceTree = "<group>"; };
		F91269942B80E22F00C82251 /* CategoryListViewController.swift */ = {isa = PBXFileReference; lastKnownFileType = sourcecode.swift; path = CategoryListViewController.swift; sourceTree = "<group>"; };
		F91269962B80EC4000C82251 /* GameDetailViewController.swift */ = {isa = PBXFileReference; lastKnownFileType = sourcecode.swift; path = GameDetailViewController.swift; sourceTree = "<group>"; };
		F938A72B2B88FB20009B13FD /* ContactUsViewController.swift */ = {isa = PBXFileReference; lastKnownFileType = sourcecode.swift; path = ContactUsViewController.swift; sourceTree = "<group>"; };
		F94DE31B2B7E6BEC0088CCBE /* GamesTableViewCell.swift */ = {isa = PBXFileReference; lastKnownFileType = sourcecode.swift; path = GamesTableViewCell.swift; sourceTree = "<group>"; };
		F94DE31C2B7E6BEC0088CCBE /* GamesTableViewCell.xib */ = {isa = PBXFileReference; lastKnownFileType = file.xib; path = GamesTableViewCell.xib; sourceTree = "<group>"; };
		F97C05C52B7A7A3D00793360 /* LoginViewController.swift */ = {isa = PBXFileReference; lastKnownFileType = sourcecode.swift; path = LoginViewController.swift; sourceTree = "<group>"; };
		F97C05C72B7A7A6F00793360 /* SelectLanguageViewController.swift */ = {isa = PBXFileReference; lastKnownFileType = sourcecode.swift; path = SelectLanguageViewController.swift; sourceTree = "<group>"; };
		F97C05CB2B7A7C5B00793360 /* AppSharedData.swift */ = {isa = PBXFileReference; fileEncoding = 4; lastKnownFileType = sourcecode.swift; path = AppSharedData.swift; sourceTree = "<group>"; };
		F97C05CD2B7A7C5B00793360 /* RegistrationModel.swift */ = {isa = PBXFileReference; fileEncoding = 4; lastKnownFileType = sourcecode.swift; path = RegistrationModel.swift; sourceTree = "<group>"; };
		F97C05CE2B7A7C5B00793360 /* CategoryModel.swift */ = {isa = PBXFileReference; fileEncoding = 4; lastKnownFileType = sourcecode.swift; path = CategoryModel.swift; sourceTree = "<group>"; };
		F97C05CF2B7A7C5B00793360 /* LoginModel.swift */ = {isa = PBXFileReference; fileEncoding = 4; lastKnownFileType = sourcecode.swift; path = LoginModel.swift; sourceTree = "<group>"; };
		F97C05D02B7A7C5B00793360 /* StoreModel.swift */ = {isa = PBXFileReference; fileEncoding = 4; lastKnownFileType = sourcecode.swift; path = StoreModel.swift; sourceTree = "<group>"; };
		F97C05D12B7A7C5B00793360 /* NotificationModel.swift */ = {isa = PBXFileReference; fileEncoding = 4; lastKnownFileType = sourcecode.swift; path = NotificationModel.swift; sourceTree = "<group>"; };
		F97C05D22B7A7C5B00793360 /* UserModel.swift */ = {isa = PBXFileReference; fileEncoding = 4; lastKnownFileType = sourcecode.swift; path = UserModel.swift; sourceTree = "<group>"; };
		F97C05D32B7A7C5B00793360 /* HomeModel.swift */ = {isa = PBXFileReference; fileEncoding = 4; lastKnownFileType = sourcecode.swift; path = HomeModel.swift; sourceTree = "<group>"; };
		F97C05D52B7A7C5B00793360 /* CircularProgressBar.swift */ = {isa = PBXFileReference; fileEncoding = 4; lastKnownFileType = sourcecode.swift; path = CircularProgressBar.swift; sourceTree = "<group>"; };
		F97C05D72B7A7C5B00793360 /* FloatRatingView.swift */ = {isa = PBXFileReference; fileEncoding = 4; lastKnownFileType = sourcecode.swift; path = FloatRatingView.swift; sourceTree = "<group>"; };
		F97C05D82B7A7C5B00793360 /* CustomUITextField.swift */ = {isa = PBXFileReference; fileEncoding = 4; lastKnownFileType = sourcecode.swift; path = CustomUITextField.swift; sourceTree = "<group>"; };
		F97C05D92B7A7C5B00793360 /* MediaPicker.swift */ = {isa = PBXFileReference; fileEncoding = 4; lastKnownFileType = sourcecode.swift; path = MediaPicker.swift; sourceTree = "<group>"; };
		F97C05DA2B7A7C5B00793360 /* TimePickerManager.swift */ = {isa = PBXFileReference; fileEncoding = 4; lastKnownFileType = sourcecode.swift; path = TimePickerManager.swift; sourceTree = "<group>"; };
		F97C05DB2B7A7C5B00793360 /* AlertViewController.swift */ = {isa = PBXFileReference; fileEncoding = 4; lastKnownFileType = sourcecode.swift; path = AlertViewController.swift; sourceTree = "<group>"; };
		F97C05DC2B7A7C5B00793360 /* MessageConstant.swift */ = {isa = PBXFileReference; fileEncoding = 4; lastKnownFileType = sourcecode.swift; path = MessageConstant.swift; sourceTree = "<group>"; };
		F97C05DD2B7A7C5B00793360 /* century.ttf */ = {isa = PBXFileReference; lastKnownFileType = file; path = century.ttf; sourceTree = "<group>"; };
		F97C05DE2B7A7C5B00793360 /* Extensions.swift */ = {isa = PBXFileReference; fileEncoding = 4; lastKnownFileType = sourcecode.swift; path = Extensions.swift; sourceTree = "<group>"; };
		F97C05DF2B7A7C5B00793360 /* CustomUIView.swift */ = {isa = PBXFileReference; fileEncoding = 4; lastKnownFileType = sourcecode.swift; path = CustomUIView.swift; sourceTree = "<group>"; };
		F97C05E02B7A7C5B00793360 /* RDTextView.swift */ = {isa = PBXFileReference; fileEncoding = 4; lastKnownFileType = sourcecode.swift; path = RDTextView.swift; sourceTree = "<group>"; };
		F97C05E12B7A7C5B00793360 /* TableViewExtension.swift */ = {isa = PBXFileReference; fileEncoding = 4; lastKnownFileType = sourcecode.swift; path = TableViewExtension.swift; sourceTree = "<group>"; };
		F97C05E32B7A7C5B00793360 /* WebServiceManager.swift */ = {isa = PBXFileReference; fileEncoding = 4; lastKnownFileType = sourcecode.swift; path = WebServiceManager.swift; sourceTree = "<group>"; };
		F97C05E52B7A7C5B00793360 /* WebServiceHelper.swift */ = {isa = PBXFileReference; fileEncoding = 4; lastKnownFileType = sourcecode.swift; path = WebServiceHelper.swift; sourceTree = "<group>"; };
		F97C05FE2B7A858900793360 /* SelectLanguageTableViewCell.xib */ = {isa = PBXFileReference; lastKnownFileType = file.xib; path = SelectLanguageTableViewCell.xib; sourceTree = "<group>"; };
		F97C06002B7A8A1100793360 /* SelectLanguageTableViewCell.swift */ = {isa = PBXFileReference; lastKnownFileType = sourcecode.swift; path = SelectLanguageTableViewCell.swift; sourceTree = "<group>"; };
		F97C06032B7A99A600793360 /* ForgotPasswordViewController.swift */ = {isa = PBXFileReference; lastKnownFileType = sourcecode.swift; path = ForgotPasswordViewController.swift; sourceTree = "<group>"; };
		F97DF7792B87446F00E7BB66 /* GameDetailPlayersCollectionViewCell.swift */ = {isa = PBXFileReference; lastKnownFileType = sourcecode.swift; path = GameDetailPlayersCollectionViewCell.swift; sourceTree = "<group>"; };
		F97DF77A2B87446F00E7BB66 /* GameDetailPlayersCollectionViewCell.xib */ = {isa = PBXFileReference; lastKnownFileType = file.xib; path = GameDetailPlayersCollectionViewCell.xib; sourceTree = "<group>"; };
		F97DF77D2B8747D800E7BB66 /* MyGamesListTableViewCell.swift */ = {isa = PBXFileReference; fileEncoding = 4; lastKnownFileType = sourcecode.swift; path = MyGamesListTableViewCell.swift; sourceTree = "<group>"; };
		F97DF7802B87639D00E7BB66 /* LocationSearchResultsViewController.swift */ = {isa = PBXFileReference; fileEncoding = 4; lastKnownFileType = sourcecode.swift; path = LocationSearchResultsViewController.swift; sourceTree = "<group>"; };
		F97DF7812B87639D00E7BB66 /* Location.swift */ = {isa = PBXFileReference; fileEncoding = 4; lastKnownFileType = sourcecode.swift; path = Location.swift; sourceTree = "<group>"; };
		F97DF7822B87639D00E7BB66 /* LocationPickerViewController.swift */ = {isa = PBXFileReference; fileEncoding = 4; lastKnownFileType = sourcecode.swift; path = LocationPickerViewController.swift; sourceTree = "<group>"; };
		F97DF7832B87639D00E7BB66 /* SearchHistoryManager.swift */ = {isa = PBXFileReference; fileEncoding = 4; lastKnownFileType = sourcecode.swift; path = SearchHistoryManager.swift; sourceTree = "<group>"; };
		F97DF7882B8763FD00E7BB66 /* LocationPicker.storyboard */ = {isa = PBXFileReference; fileEncoding = 4; lastKnownFileType = file.storyboard; path = LocationPicker.storyboard; sourceTree = "<group>"; };
		F97DF78A2B876D6800E7BB66 /* LocationService.swift */ = {isa = PBXFileReference; fileEncoding = 4; lastKnownFileType = sourcecode.swift; path = LocationService.swift; sourceTree = "<group>"; };
		F9802DB62B77F69A00C528C8 /* SocialGame.app */ = {isa = PBXFileReference; explicitFileType = wrapper.application; includeInIndex = 0; path = SocialGame.app; sourceTree = BUILT_PRODUCTS_DIR; };
		F9802DB92B77F69A00C528C8 /* AppDelegate.swift */ = {isa = PBXFileReference; lastKnownFileType = sourcecode.swift; path = AppDelegate.swift; sourceTree = "<group>"; };
		F9802DBD2B77F69A00C528C8 /* ViewController.swift */ = {isa = PBXFileReference; lastKnownFileType = sourcecode.swift; path = ViewController.swift; sourceTree = "<group>"; };
		F9802DC02B77F69A00C528C8 /* Base */ = {isa = PBXFileReference; lastKnownFileType = file.storyboard; name = Base; path = Base.lproj/Main.storyboard; sourceTree = "<group>"; };
		F9802DC22B77F69B00C528C8 /* Assets.xcassets */ = {isa = PBXFileReference; lastKnownFileType = folder.assetcatalog; path = Assets.xcassets; sourceTree = "<group>"; };
		F9802DC52B77F69B00C528C8 /* Base */ = {isa = PBXFileReference; lastKnownFileType = file.storyboard; name = Base; path = Base.lproj/LaunchScreen.storyboard; sourceTree = "<group>"; };
		F9802DC72B77F69B00C528C8 /* Info.plist */ = {isa = PBXFileReference; lastKnownFileType = text.plist.xml; path = Info.plist; sourceTree = "<group>"; };
		F995135A2B80C6FA00BBC115 /* SocialGame.entitlements */ = {isa = PBXFileReference; lastKnownFileType = text.plist.entitlements; path = SocialGame.entitlements; sourceTree = "<group>"; };
		F995135B2B80CBEB00BBC115 /* credentials.plist */ = {isa = PBXFileReference; fileEncoding = 4; lastKnownFileType = text.plist.xml; path = credentials.plist; sourceTree = "<group>"; };
		F9AABC9A2B7FCC6600B42A00 /* Grandview.ttf */ = {isa = PBXFileReference; lastKnownFileType = file; path = Grandview.ttf; sourceTree = "<group>"; };
		F9AABC9B2B7FCC6600B42A00 /* GrandviewBold.ttf */ = {isa = PBXFileReference; lastKnownFileType = file; path = GrandviewBold.ttf; sourceTree = "<group>"; };
		F9B1192B2B82671700F6CF91 /* ChatListTableViewCell.swift */ = {isa = PBXFileReference; lastKnownFileType = sourcecode.swift; path = ChatListTableViewCell.swift; sourceTree = "<group>"; };
		F9B1192D2B827BB500F6CF91 /* ChatListTableViewCell.xib */ = {isa = PBXFileReference; lastKnownFileType = file.xib; path = ChatListTableViewCell.xib; sourceTree = "<group>"; };
		F9B1192F2B827F3C00F6CF91 /* ChatDetailViewController.swift */ = {isa = PBXFileReference; lastKnownFileType = sourcecode.swift; path = ChatDetailViewController.swift; sourceTree = "<group>"; };
		F9B119312B8282D300F6CF91 /* ChatDetailModel.swift */ = {isa = PBXFileReference; lastKnownFileType = sourcecode.swift; path = ChatDetailModel.swift; sourceTree = "<group>"; };
		F9B60A132C26DC9F0094A10E /* GoogleService-Info.plist */ = {isa = PBXFileReference; fileEncoding = 4; lastKnownFileType = text.plist.xml; path = "GoogleService-Info.plist"; sourceTree = "<group>"; };
		F9B60A152C26ED770094A10E /* tr */ = {isa = PBXFileReference; lastKnownFileType = text.plist.strings; name = tr; path = tr.lproj/Main.strings; sourceTree = "<group>"; };
		F9B60A162C26ED770094A10E /* tr */ = {isa = PBXFileReference; lastKnownFileType = text.plist.strings; name = tr; path = tr.lproj/LaunchScreen.strings; sourceTree = "<group>"; };
		F9B60A172C26ED880094A10E /* ru */ = {isa = PBXFileReference; lastKnownFileType = text.plist.strings; name = ru; path = ru.lproj/Main.strings; sourceTree = "<group>"; };
		F9B60A182C26ED880094A10E /* ru */ = {isa = PBXFileReference; lastKnownFileType = text.plist.strings; name = ru; path = ru.lproj/LaunchScreen.strings; sourceTree = "<group>"; };
		F9B60A192C26ED950094A10E /* fr */ = {isa = PBXFileReference; lastKnownFileType = text.plist.strings; name = fr; path = fr.lproj/Main.strings; sourceTree = "<group>"; };
		F9B60A1A2C26ED960094A10E /* fr */ = {isa = PBXFileReference; lastKnownFileType = text.plist.strings; name = fr; path = fr.lproj/LaunchScreen.strings; sourceTree = "<group>"; };
		F9B60A1B2C26ED9B0094A10E /* de */ = {isa = PBXFileReference; lastKnownFileType = text.plist.strings; name = de; path = de.lproj/Main.strings; sourceTree = "<group>"; };
		F9B60A1C2C26ED9B0094A10E /* de */ = {isa = PBXFileReference; lastKnownFileType = text.plist.strings; name = de; path = de.lproj/LaunchScreen.strings; sourceTree = "<group>"; };
		F9B60A1D2C26EDA40094A10E /* es */ = {isa = PBXFileReference; lastKnownFileType = text.plist.strings; name = es; path = es.lproj/Main.strings; sourceTree = "<group>"; };
		F9B60A1E2C26EDA40094A10E /* es */ = {isa = PBXFileReference; lastKnownFileType = text.plist.strings; name = es; path = es.lproj/LaunchScreen.strings; sourceTree = "<group>"; };
		F9B60A1F2C26EDB30094A10E /* it */ = {isa = PBXFileReference; lastKnownFileType = text.plist.strings; name = it; path = it.lproj/Main.strings; sourceTree = "<group>"; };
		F9B60A202C26EDB40094A10E /* it */ = {isa = PBXFileReference; lastKnownFileType = text.plist.strings; name = it; path = it.lproj/LaunchScreen.strings; sourceTree = "<group>"; };
		F9B60A212C26EDB80094A10E /* ar */ = {isa = PBXFileReference; lastKnownFileType = text.plist.strings; name = ar; path = ar.lproj/Main.strings; sourceTree = "<group>"; };
		F9B60A222C26EDB80094A10E /* ar */ = {isa = PBXFileReference; lastKnownFileType = text.plist.strings; name = ar; path = ar.lproj/LaunchScreen.strings; sourceTree = "<group>"; };
		F9B60A232C26EDCA0094A10E /* zh-Hans */ = {isa = PBXFileReference; lastKnownFileType = text.plist.strings; name = "zh-Hans"; path = "zh-Hans.lproj/Main.strings"; sourceTree = "<group>"; };
		F9B60A242C26EDCB0094A10E /* zh-Hans */ = {isa = PBXFileReference; lastKnownFileType = text.plist.strings; name = "zh-Hans"; path = "zh-Hans.lproj/LaunchScreen.strings"; sourceTree = "<group>"; };
		F9B60A252C26EDD30094A10E /* ja */ = {isa = PBXFileReference; lastKnownFileType = text.plist.strings; name = ja; path = ja.lproj/Main.strings; sourceTree = "<group>"; };
		F9B60A262C26EDD30094A10E /* ja */ = {isa = PBXFileReference; lastKnownFileType = text.plist.strings; name = ja; path = ja.lproj/LaunchScreen.strings; sourceTree = "<group>"; };
		F9B60A292C26EE450094A10E /* en */ = {isa = PBXFileReference; lastKnownFileType = text.plist.strings; name = en; path = en.lproj/Localizable.strings; sourceTree = "<group>"; };
		F9B60A2B2C26EE620094A10E /* LocalizationSystem.swift */ = {isa = PBXFileReference; fileEncoding = 4; lastKnownFileType = sourcecode.swift; path = LocalizationSystem.swift; sourceTree = "<group>"; };
		F9B60A2D2C26EE6B0094A10E /* ar */ = {isa = PBXFileReference; lastKnownFileType = text.plist.strings; name = ar; path = ar.lproj/Localizable.strings; sourceTree = "<group>"; };
		F9B60A2E2C26EE6F0094A10E /* zh-Hans */ = {isa = PBXFileReference; lastKnownFileType = text.plist.strings; name = "zh-Hans"; path = "zh-Hans.lproj/Localizable.strings"; sourceTree = "<group>"; };
		F9B60A2F2C26EE700094A10E /* fr */ = {isa = PBXFileReference; lastKnownFileType = text.plist.strings; name = fr; path = fr.lproj/Localizable.strings; sourceTree = "<group>"; };
		F9B60A302C26EE710094A10E /* it */ = {isa = PBXFileReference; lastKnownFileType = text.plist.strings; name = it; path = it.lproj/Localizable.strings; sourceTree = "<group>"; };
		F9B60A312C26EE720094A10E /* de */ = {isa = PBXFileReference; lastKnownFileType = text.plist.strings; name = de; path = de.lproj/Localizable.strings; sourceTree = "<group>"; };
		F9B60A322C26EE730094A10E /* ja */ = {isa = PBXFileReference; lastKnownFileType = text.plist.strings; name = ja; path = ja.lproj/Localizable.strings; sourceTree = "<group>"; };
		F9B60A332C26EE730094A10E /* ru */ = {isa = PBXFileReference; lastKnownFileType = text.plist.strings; name = ru; path = ru.lproj/Localizable.strings; sourceTree = "<group>"; };
		F9B60A342C26EE740094A10E /* es */ = {isa = PBXFileReference; lastKnownFileType = text.plist.strings; name = es; path = es.lproj/Localizable.strings; sourceTree = "<group>"; };
		F9B60A352C26EE750094A10E /* tr */ = {isa = PBXFileReference; lastKnownFileType = text.plist.strings; name = tr; path = tr.lproj/Localizable.strings; sourceTree = "<group>"; };
		F9C1DCCE2B81ECA100EEA285 /* ResetPasswordViewController.swift */ = {isa = PBXFileReference; lastKnownFileType = sourcecode.swift; path = ResetPasswordViewController.swift; sourceTree = "<group>"; };
		F9C1DCD02B81EE1E00EEA285 /* WebVwViewController.swift */ = {isa = PBXFileReference; lastKnownFileType = sourcecode.swift; path = WebVwViewController.swift; sourceTree = "<group>"; };
		F9D47F192C4D664600D6EF6F /* EULAViewController.swift */ = {isa = PBXFileReference; lastKnownFileType = sourcecode.swift; path = EULAViewController.swift; sourceTree = "<group>"; };
		F9DDE52D2B7BCA3000EE1A80 /* CategoriesCell.xib */ = {isa = PBXFileReference; lastKnownFileType = file.xib; path = CategoriesCell.xib; sourceTree = "<group>"; };
		F9DDE52F2B7BCBBD00EE1A80 /* CategoriesCell.swift */ = {isa = PBXFileReference; lastKnownFileType = sourcecode.swift; path = CategoriesCell.swift; sourceTree = "<group>"; };
		F9EE6E632B7A9CA50030F596 /* SignUpViewController.swift */ = {isa = PBXFileReference; lastKnownFileType = sourcecode.swift; path = SignUpViewController.swift; sourceTree = "<group>"; };
		F9EE6E662B7AA3240030F596 /* TabBarViewController.swift */ = {isa = PBXFileReference; lastKnownFileType = sourcecode.swift; path = TabBarViewController.swift; sourceTree = "<group>"; };
		F9EE6E682B7AA40C0030F596 /* HomeViewController.swift */ = {isa = PBXFileReference; lastKnownFileType = sourcecode.swift; path = HomeViewController.swift; sourceTree = "<group>"; };
		F9EE6E6A2B7AA41A0030F596 /* GamesViewController.swift */ = {isa = PBXFileReference; lastKnownFileType = sourcecode.swift; path = GamesViewController.swift; sourceTree = "<group>"; };
		F9EE6E6C2B7AA4290030F596 /* CreateGameViewController.swift */ = {isa = PBXFileReference; lastKnownFileType = sourcecode.swift; path = CreateGameViewController.swift; sourceTree = "<group>"; };
		F9EE6E6E2B7AA4360030F596 /* ChatViewController.swift */ = {isa = PBXFileReference; lastKnownFileType = sourcecode.swift; path = ChatViewController.swift; sourceTree = "<group>"; };
		F9EE6E702B7AA4420030F596 /* ProfileViewController.swift */ = {isa = PBXFileReference; lastKnownFileType = sourcecode.swift; path = ProfileViewController.swift; sourceTree = "<group>"; };
		F9EF468F2B80F8B100B3655C /* MyGamesViewController.swift */ = {isa = PBXFileReference; lastKnownFileType = sourcecode.swift; path = MyGamesViewController.swift; sourceTree = "<group>"; };
		F9EF46922B80F95100B3655C /* MyGamesListTableViewCell.xib */ = {isa = PBXFileReference; lastKnownFileType = file.xib; path = MyGamesListTableViewCell.xib; sourceTree = "<group>"; };
		F9EF46952B81E32900B3655C /* OtherUserProfileViewController.swift */ = {isa = PBXFileReference; lastKnownFileType = sourcecode.swift; path = OtherUserProfileViewController.swift; sourceTree = "<group>"; };
		F9EF46972B81E51900B3655C /* EditProfileViewController.swift */ = {isa = PBXFileReference; lastKnownFileType = sourcecode.swift; path = EditProfileViewController.swift; sourceTree = "<group>"; };
		F9F1456A2B79321000F88832 /* Auth.storyboard */ = {isa = PBXFileReference; lastKnownFileType = file.storyboard; path = Auth.storyboard; sourceTree = "<group>"; };
/* End PBXFileReference section */

/* Begin PBXFrameworksBuildPhase section */
		F9802DB32B77F69A00C528C8 /* Frameworks */ = {
			isa = PBXFrameworksBuildPhase;
			buildActionMask = 2147483647;
			files = (
				0A8F170F63189812D3D59833 /* Pods_SocialGame.framework in Frameworks */,
			);
			runOnlyForDeploymentPostprocessing = 0;
		};
/* End PBXFrameworksBuildPhase section */

/* Begin PBXGroup section */
		5AF878D66DBBB12D07CE1A72 /* Frameworks */ = {
			isa = PBXGroup;
			children = (
				07C15522EFCBCC0F0281E0D1 /* Pods_SocialGame.framework */,
			);
			name = Frameworks;
			sourceTree = "<group>";
		};
		A485D85A50E91EBD4E053831 /* Pods */ = {
			isa = PBXGroup;
			children = (
				D32D5BDC242359A370F24482 /* Pods-SocialGame.debug.xcconfig */,
				A827CA4965BFC4C690FC1F91 /* Pods-SocialGame.release.xcconfig */,
			);
			path = Pods;
			sourceTree = "<group>";
		};
		F97C05C42B7A7A2C00793360 /* Auth */ = {
			isa = PBXGroup;
			children = (
				F97C05FD2B7A857900793360 /* xib */,
				F9F1456A2B79321000F88832 /* Auth.storyboard */,
				F9802DBD2B77F69A00C528C8 /* ViewController.swift */,
				F97C05C52B7A7A3D00793360 /* LoginViewController.swift */,
				F97C05C72B7A7A6F00793360 /* SelectLanguageViewController.swift */,
				F97C06002B7A8A1100793360 /* SelectLanguageTableViewCell.swift */,
				F97C06032B7A99A600793360 /* ForgotPasswordViewController.swift */,
				F9EE6E632B7A9CA50030F596 /* SignUpViewController.swift */,
				F9D47F192C4D664600D6EF6F /* EULAViewController.swift */,
			);
			path = Auth;
			sourceTree = "<group>";
		};
		F97C05C92B7A7A8C00793360 /* Main */ = {
			isa = PBXGroup;
			children = (
				F9DDE52C2B7BC9FF00EE1A80 /* xib */,
				F9802DBF2B77F69A00C528C8 /* Main.storyboard */,
				F9EE6E682B7AA40C0030F596 /* HomeViewController.swift */,
				F9EE6E6A2B7AA41A0030F596 /* GamesViewController.swift */,
				F91269942B80E22F00C82251 /* CategoryListViewController.swift */,
				F9EE6E6C2B7AA4290030F596 /* CreateGameViewController.swift */,
				F9EE6E6E2B7AA4360030F596 /* ChatViewController.swift */,
				F9EE6E702B7AA4420030F596 /* ProfileViewController.swift */,
				F9DDE52F2B7BCBBD00EE1A80 /* CategoriesCell.swift */,
				F91269962B80EC4000C82251 /* GameDetailViewController.swift */,
				F9EF468F2B80F8B100B3655C /* MyGamesViewController.swift */,
				F9EF46952B81E32900B3655C /* OtherUserProfileViewController.swift */,
				F9EF46972B81E51900B3655C /* EditProfileViewController.swift */,
				F9C1DCCE2B81ECA100EEA285 /* ResetPasswordViewController.swift */,
				F9C1DCD02B81EE1E00EEA285 /* WebVwViewController.swift */,
				F9B1192F2B827F3C00F6CF91 /* ChatDetailViewController.swift */,
				F90348BB2B83E24100137012 /* MapLocationViewController.swift */,
				F938A72B2B88FB20009B13FD /* ContactUsViewController.swift */,
			);
			path = Main;
			sourceTree = "<group>";
		};
		F97C05CA2B7A7C5B00793360 /* SharedClass */ = {
			isa = PBXGroup;
			children = (
				F97C05CB2B7A7C5B00793360 /* AppSharedData.swift */,
			);
			path = SharedClass;
			sourceTree = "<group>";
		};
		F97C05CC2B7A7C5B00793360 /* Model */ = {
			isa = PBXGroup;
			children = (
				F97C05CD2B7A7C5B00793360 /* RegistrationModel.swift */,
				F97C05CE2B7A7C5B00793360 /* CategoryModel.swift */,
				F97C05CF2B7A7C5B00793360 /* LoginModel.swift */,
				F97C05D02B7A7C5B00793360 /* StoreModel.swift */,
				F97C05D12B7A7C5B00793360 /* NotificationModel.swift */,
				F97C05D22B7A7C5B00793360 /* UserModel.swift */,
				F97C05D32B7A7C5B00793360 /* HomeModel.swift */,
				F9B119312B8282D300F6CF91 /* ChatDetailModel.swift */,
				F90348BF2B862CE900137012 /* GetGameModel.swift */,
				F90348C12B86607B00137012 /* GamePlayersModel.swift */,
			);
			path = Model;
			sourceTree = "<group>";
		};
		F97C05D42B7A7C5B00793360 /* Utilities */ = {
			isa = PBXGroup;
			children = (
				F97C05D52B7A7C5B00793360 /* CircularProgressBar.swift */,
				F97C05D62B7A7C5B00793360 /* FloatingRatingView */,
				F97C05D82B7A7C5B00793360 /* CustomUITextField.swift */,
				F97C05D92B7A7C5B00793360 /* MediaPicker.swift */,
				F97C05DA2B7A7C5B00793360 /* TimePickerManager.swift */,
				F97C05DB2B7A7C5B00793360 /* AlertViewController.swift */,
				F97C05DC2B7A7C5B00793360 /* MessageConstant.swift */,
				F97C05DD2B7A7C5B00793360 /* century.ttf */,
				F97C05DE2B7A7C5B00793360 /* Extensions.swift */,
				F97C05DF2B7A7C5B00793360 /* CustomUIView.swift */,
				F97C05E02B7A7C5B00793360 /* RDTextView.swift */,
				F97C05E12B7A7C5B00793360 /* TableViewExtension.swift */,
			);
			path = Utilities;
			sourceTree = "<group>";
		};
		F97C05D62B7A7C5B00793360 /* FloatingRatingView */ = {
			isa = PBXGroup;
			children = (
				F97C05D72B7A7C5B00793360 /* FloatRatingView.swift */,
			);
			path = FloatingRatingView;
			sourceTree = "<group>";
		};
		F97C05E22B7A7C5B00793360 /* WebServiceManager */ = {
			isa = PBXGroup;
			children = (
				F97C05E32B7A7C5B00793360 /* WebServiceManager.swift */,
				F97C05E52B7A7C5B00793360 /* WebServiceHelper.swift */,
			);
			path = WebServiceManager;
			sourceTree = "<group>";
		};
		F97C05FD2B7A857900793360 /* xib */ = {
			isa = PBXGroup;
			children = (
				F97C05FE2B7A858900793360 /* SelectLanguageTableViewCell.xib */,
			);
			path = xib;
			sourceTree = "<group>";
		};
		F97C06022B7A8C0700793360 /* AppDelegate */ = {
			isa = PBXGroup;
			children = (
				F9802DB92B77F69A00C528C8 /* AppDelegate.swift */,
			);
			path = AppDelegate;
			sourceTree = "<group>";
		};
		F97DF77F2B87639D00E7BB66 /* LocationPicker */ = {
			isa = PBXGroup;
			children = (
				F97DF7882B8763FD00E7BB66 /* LocationPicker.storyboard */,
				F97DF78A2B876D6800E7BB66 /* LocationService.swift */,
				F97DF7802B87639D00E7BB66 /* LocationSearchResultsViewController.swift */,
				F97DF7812B87639D00E7BB66 /* Location.swift */,
				F97DF7822B87639D00E7BB66 /* LocationPickerViewController.swift */,
				F97DF7832B87639D00E7BB66 /* SearchHistoryManager.swift */,
			);
			path = LocationPicker;
			sourceTree = "<group>";
		};
		F9802DAD2B77F69900C528C8 = {
			isa = PBXGroup;
			children = (
				F9802DB82B77F69A00C528C8 /* SocialGame */,
				F9802DB72B77F69A00C528C8 /* Products */,
				A485D85A50E91EBD4E053831 /* Pods */,
				5AF878D66DBBB12D07CE1A72 /* Frameworks */,
			);
			sourceTree = "<group>";
		};
		F9802DB72B77F69A00C528C8 /* Products */ = {
			isa = PBXGroup;
			children = (
				F9802DB62B77F69A00C528C8 /* SocialGame.app */,
			);
			name = Products;
			sourceTree = "<group>";
		};
		F9802DB82B77F69A00C528C8 /* SocialGame */ = {
			isa = PBXGroup;
			children = (
				F995135A2B80C6FA00BBC115 /* SocialGame.entitlements */,
				F9AABC992B7FCC5900B42A00 /* Font */,
				F9B60A272C26EE100094A10E /* Localization */,
				F97C06022B7A8C0700793360 /* AppDelegate */,
				F97C05CC2B7A7C5B00793360 /* Model */,
				F97C05CA2B7A7C5B00793360 /* SharedClass */,
				F97C05D42B7A7C5B00793360 /* Utilities */,
				F97DF77F2B87639D00E7BB66 /* LocationPicker */,
				F97C05E22B7A7C5B00793360 /* WebServiceManager */,
				F9EE6E652B7AA30D0030F596 /* TabBarController */,
				F97C05C92B7A7A8C00793360 /* Main */,
				F97C05C42B7A7A2C00793360 /* Auth */,
				F9802DC22B77F69B00C528C8 /* Assets.xcassets */,
				F9802DC42B77F69B00C528C8 /* LaunchScreen.storyboard */,
				F995135B2B80CBEB00BBC115 /* credentials.plist */,
				F9B60A132C26DC9F0094A10E /* GoogleService-Info.plist */,
				F9802DC72B77F69B00C528C8 /* Info.plist */,
			);
			path = SocialGame;
			sourceTree = "<group>";
		};
		F9AABC992B7FCC5900B42A00 /* Font */ = {
			isa = PBXGroup;
			children = (
				F9AABC9A2B7FCC6600B42A00 /* Grandview.ttf */,
				F9AABC9B2B7FCC6600B42A00 /* GrandviewBold.ttf */,
			);
			path = Font;
			sourceTree = "<group>";
		};
		F9B60A272C26EE100094A10E /* Localization */ = {
			isa = PBXGroup;
			children = (
				F9B60A2B2C26EE620094A10E /* LocalizationSystem.swift */,
				F9B60A282C26EE450094A10E /* Localizable.strings */,
			);
			path = Localization;
			sourceTree = "<group>";
		};
		F9DDE52C2B7BC9FF00EE1A80 /* xib */ = {
			isa = PBXGroup;
			children = (
				F9DDE52D2B7BCA3000EE1A80 /* CategoriesCell.xib */,
				F94DE31B2B7E6BEC0088CCBE /* GamesTableViewCell.swift */,
				F94DE31C2B7E6BEC0088CCBE /* GamesTableViewCell.xib */,
				F9EF46922B80F95100B3655C /* MyGamesListTableViewCell.xib */,
				F97DF77D2B8747D800E7BB66 /* MyGamesListTableViewCell.swift */,
				F9B1192B2B82671700F6CF91 /* ChatListTableViewCell.swift */,
				F9B1192D2B827BB500F6CF91 /* ChatListTableViewCell.xib */,
				F97DF7792B87446F00E7BB66 /* GameDetailPlayersCollectionViewCell.swift */,
				F97DF77A2B87446F00E7BB66 /* GameDetailPlayersCollectionViewCell.xib */,
			);
			path = xib;
			sourceTree = "<group>";
		};
		F9EE6E652B7AA30D0030F596 /* TabBarController */ = {
			isa = PBXGroup;
			children = (
				F9EE6E662B7AA3240030F596 /* TabBarViewController.swift */,
			);
			path = TabBarController;
			sourceTree = "<group>";
		};
/* End PBXGroup section */

/* Begin PBXNativeTarget section */
		F9802DB52B77F69A00C528C8 /* SocialGame */ = {
			isa = PBXNativeTarget;
			buildConfigurationList = F9802DCA2B77F69B00C528C8 /* Build configuration list for PBXNativeTarget "SocialGame" */;
			buildPhases = (
				6410B00D94070C59810F635E /* [CP] Check Pods Manifest.lock */,
				F9802DB22B77F69A00C528C8 /* Sources */,
				F9802DB32B77F69A00C528C8 /* Frameworks */,
				F9802DB42B77F69A00C528C8 /* Resources */,
				78AE9B3A5B978EC2432DAF36 /* [CP] Embed Pods Frameworks */,
				C4E9D61434E593026BE11B57 /* [CP] Copy Pods Resources */,
			);
			buildRules = (
			);
			dependencies = (
			);
			name = SocialGame;
			productName = SocialGame;
			productReference = F9802DB62B77F69A00C528C8 /* SocialGame.app */;
			productType = "com.apple.product-type.application";
		};
/* End PBXNativeTarget section */

/* Begin PBXProject section */
		F9802DAE2B77F69900C528C8 /* Project object */ = {
			isa = PBXProject;
			attributes = {
				BuildIndependentTargetsInParallel = 1;
				LastSwiftUpdateCheck = 1520;
				LastUpgradeCheck = 1520;
				TargetAttributes = {
					F9802DB52B77F69A00C528C8 = {
						CreatedOnToolsVersion = 15.2;
					};
				};
			};
			buildConfigurationList = F9802DB12B77F69900C528C8 /* Build configuration list for PBXProject "SocialGame" */;
			compatibilityVersion = "Xcode 14.0";
			developmentRegion = en;
			hasScannedForEncodings = 0;
			knownRegions = (
				en,
				Base,
				tr,
				ru,
				fr,
				de,
				es,
				it,
				ar,
				"zh-Hans",
				ja,
			);
			mainGroup = F9802DAD2B77F69900C528C8;
			productRefGroup = F9802DB72B77F69A00C528C8 /* Products */;
			projectDirPath = "";
			projectRoot = "";
			targets = (
				F9802DB52B77F69A00C528C8 /* SocialGame */,
			);
		};
/* End PBXProject section */

/* Begin PBXResourcesBuildPhase section */
		F9802DB42B77F69A00C528C8 /* Resources */ = {
			isa = PBXResourcesBuildPhase;
			buildActionMask = 2147483647;
			files = (
				F9B60A2A2C26EE450094A10E /* Localizable.strings in Resources */,
				F9AABC9C2B7FCC6600B42A00 /* Grandview.ttf in Resources */,
				F9DDE52E2B7BCA3000EE1A80 /* CategoriesCell.xib in Resources */,
				F9EF46942B80F95100B3655C /* MyGamesListTableViewCell.xib in Resources */,
				F9802DC62B77F69B00C528C8 /* LaunchScreen.storyboard in Resources */,
				F9AABC9D2B7FCC6600B42A00 /* GrandviewBold.ttf in Resources */,
				F9F1456B2B79321000F88832 /* Auth.storyboard in Resources */,
				F97DF77C2B87446F00E7BB66 /* GameDetailPlayersCollectionViewCell.xib in Resources */,
				F995135C2B80CBEB00BBC115 /* credentials.plist in Resources */,
				F9802DC32B77F69B00C528C8 /* Assets.xcassets in Resources */,
				F9B60A142C26DC9F0094A10E /* GoogleService-Info.plist in Resources */,
				F9B1192E2B827BB500F6CF91 /* ChatListTableViewCell.xib in Resources */,
				F97C05F52B7A7C5B00793360 /* century.ttf in Resources */,
				F97C05FF2B7A858900793360 /* SelectLanguageTableViewCell.xib in Resources */,
				F97DF7892B8763FD00E7BB66 /* LocationPicker.storyboard in Resources */,
				F9802DC12B77F69A00C528C8 /* Main.storyboard in Resources */,
				F94DE31E2B7E6BEC0088CCBE /* GamesTableViewCell.xib in Resources */,
			);
			runOnlyForDeploymentPostprocessing = 0;
		};
/* End PBXResourcesBuildPhase section */

/* Begin PBXShellScriptBuildPhase section */
		6410B00D94070C59810F635E /* [CP] Check Pods Manifest.lock */ = {
			isa = PBXShellScriptBuildPhase;
			buildActionMask = 2147483647;
			files = (
			);
			inputFileListPaths = (
			);
			inputPaths = (
				"${PODS_PODFILE_DIR_PATH}/Podfile.lock",
				"${PODS_ROOT}/Manifest.lock",
			);
			name = "[CP] Check Pods Manifest.lock";
			outputFileListPaths = (
			);
			outputPaths = (
				"$(DERIVED_FILE_DIR)/Pods-SocialGame-checkManifestLockResult.txt",
			);
			runOnlyForDeploymentPostprocessing = 0;
			shellPath = /bin/sh;
			shellScript = "diff \"${PODS_PODFILE_DIR_PATH}/Podfile.lock\" \"${PODS_ROOT}/Manifest.lock\" > /dev/null\nif [ $? != 0 ] ; then\n    # print error to STDERR\n    echo \"error: The sandbox is not in sync with the Podfile.lock. Run 'pod install' or update your CocoaPods installation.\" >&2\n    exit 1\nfi\n# This output is used by Xcode 'outputs' to avoid re-running this script phase.\necho \"SUCCESS\" > \"${SCRIPT_OUTPUT_FILE_0}\"\n";
			showEnvVarsInLog = 0;
		};
		78AE9B3A5B978EC2432DAF36 /* [CP] Embed Pods Frameworks */ = {
			isa = PBXShellScriptBuildPhase;
			buildActionMask = 2147483647;
			files = (
			);
			inputFileListPaths = (
				"${PODS_ROOT}/Target Support Files/Pods-SocialGame/Pods-SocialGame-frameworks-${CONFIGURATION}-input-files.xcfilelist",
			);
			name = "[CP] Embed Pods Frameworks";
			outputFileListPaths = (
				"${PODS_ROOT}/Target Support Files/Pods-SocialGame/Pods-SocialGame-frameworks-${CONFIGURATION}-output-files.xcfilelist",
			);
			runOnlyForDeploymentPostprocessing = 0;
			shellPath = /bin/sh;
			shellScript = "\"${PODS_ROOT}/Target Support Files/Pods-SocialGame/Pods-SocialGame-frameworks.sh\"\n";
			showEnvVarsInLog = 0;
		};
		C4E9D61434E593026BE11B57 /* [CP] Copy Pods Resources */ = {
			isa = PBXShellScriptBuildPhase;
			buildActionMask = 2147483647;
			files = (
			);
			inputFileListPaths = (
				"${PODS_ROOT}/Target Support Files/Pods-SocialGame/Pods-SocialGame-resources-${CONFIGURATION}-input-files.xcfilelist",
			);
			name = "[CP] Copy Pods Resources";
			outputFileListPaths = (
				"${PODS_ROOT}/Target Support Files/Pods-SocialGame/Pods-SocialGame-resources-${CONFIGURATION}-output-files.xcfilelist",
			);
			runOnlyForDeploymentPostprocessing = 0;
			shellPath = /bin/sh;
			shellScript = "\"${PODS_ROOT}/Target Support Files/Pods-SocialGame/Pods-SocialGame-resources.sh\"\n";
			showEnvVarsInLog = 0;
		};
/* End PBXShellScriptBuildPhase section */

/* Begin PBXSourcesBuildPhase section */
		F9802DB22B77F69A00C528C8 /* Sources */ = {
			isa = PBXSourcesBuildPhase;
			buildActionMask = 2147483647;
			files = (
				F90348C02B862CE900137012 /* GetGameModel.swift in Sources */,
				F90348BC2B83E24100137012 /* MapLocationViewController.swift in Sources */,
				F97C05C82B7A7A6F00793360 /* SelectLanguageViewController.swift in Sources */,
				F97C05E62B7A7C5B00793360 /* AppSharedData.swift in Sources */,
				F97C05EF2B7A7C5B00793360 /* FloatRatingView.swift in Sources */,
				F9C1DCCF2B81ECA100EEA285 /* ResetPasswordViewController.swift in Sources */,
				F9B119322B8282D300F6CF91 /* ChatDetailModel.swift in Sources */,
				F9EE6E6B2B7AA41A0030F596 /* GamesViewController.swift in Sources */,
				F97C05EA2B7A7C5B00793360 /* StoreModel.swift in Sources */,
				F97DF7872B87639D00E7BB66 /* SearchHistoryManager.swift in Sources */,
				F97C05E72B7A7C5B00793360 /* RegistrationModel.swift in Sources */,
				F9B1192C2B82671700F6CF91 /* ChatListTableViewCell.swift in Sources */,
				F9EE6E6D2B7AA4290030F596 /* CreateGameViewController.swift in Sources */,
				F9EE6E692B7AA40C0030F596 /* HomeViewController.swift in Sources */,
				F97C05C62B7A7A3D00793360 /* LoginViewController.swift in Sources */,
				F97C05E82B7A7C5B00793360 /* CategoryModel.swift in Sources */,
				F9D47F1A2C4D664600D6EF6F /* EULAViewController.swift in Sources */,
				F91269952B80E22F00C82251 /* CategoryListViewController.swift in Sources */,
				F9B60A2C2C26EE620094A10E /* LocalizationSystem.swift in Sources */,
				F97DF7852B87639D00E7BB66 /* Location.swift in Sources */,
				F97DF77B2B87446F00E7BB66 /* GameDetailPlayersCollectionViewCell.swift in Sources */,
				F97C05E92B7A7C5B00793360 /* LoginModel.swift in Sources */,
				F97C05FC2B7A7C5B00793360 /* WebServiceHelper.swift in Sources */,
				F9802DBE2B77F69A00C528C8 /* ViewController.swift in Sources */,
				F9EE6E6F2B7AA4360030F596 /* ChatViewController.swift in Sources */,
				F97C05F92B7A7C5B00793360 /* TableViewExtension.swift in Sources */,
				F9DDE5302B7BCBBD00EE1A80 /* CategoriesCell.swift in Sources */,
				F97C05F42B7A7C5B00793360 /* MessageConstant.swift in Sources */,
				F97C05F72B7A7C5B00793360 /* CustomUIView.swift in Sources */,
				F97C05F22B7A7C5B00793360 /* TimePickerManager.swift in Sources */,
				F9EF46962B81E32900B3655C /* OtherUserProfileViewController.swift in Sources */,
				F94DE31D2B7E6BEC0088CCBE /* GamesTableViewCell.swift in Sources */,
				F97C05ED2B7A7C5B00793360 /* HomeModel.swift in Sources */,
				F90348C22B86607B00137012 /* GamePlayersModel.swift in Sources */,
				F97C05F12B7A7C5B00793360 /* MediaPicker.swift in Sources */,
				F97C05EB2B7A7C5B00793360 /* NotificationModel.swift in Sources */,
				F9EF46902B80F8B100B3655C /* MyGamesViewController.swift in Sources */,
				F9EF46982B81E51900B3655C /* EditProfileViewController.swift in Sources */,
				F9B119302B827F3C00F6CF91 /* ChatDetailViewController.swift in Sources */,
				F97C05F32B7A7C5B00793360 /* AlertViewController.swift in Sources */,
				F97DF7862B87639D00E7BB66 /* LocationPickerViewController.swift in Sources */,
				F97DF7842B87639D00E7BB66 /* LocationSearchResultsViewController.swift in Sources */,
				F9EE6E672B7AA3240030F596 /* TabBarViewController.swift in Sources */,
				F97C05F62B7A7C5B00793360 /* Extensions.swift in Sources */,
				F97DF78B2B876D6800E7BB66 /* LocationService.swift in Sources */,
				F9EE6E712B7AA4420030F596 /* ProfileViewController.swift in Sources */,
				F938A72C2B88FB20009B13FD /* ContactUsViewController.swift in Sources */,
				F9802DBA2B77F69A00C528C8 /* AppDelegate.swift in Sources */,
				F97C05EC2B7A7C5B00793360 /* UserModel.swift in Sources */,
				F97C06012B7A8A1100793360 /* SelectLanguageTableViewCell.swift in Sources */,
				F9EE6E642B7A9CA50030F596 /* SignUpViewController.swift in Sources */,
				F97C05FA2B7A7C5B00793360 /* WebServiceManager.swift in Sources */,
				F97C06042B7A99A600793360 /* ForgotPasswordViewController.swift in Sources */,
				F97C05F02B7A7C5B00793360 /* CustomUITextField.swift in Sources */,
				F97DF77E2B8747D800E7BB66 /* MyGamesListTableViewCell.swift in Sources */,
				F91269972B80EC4000C82251 /* GameDetailViewController.swift in Sources */,
				F9C1DCD12B81EE1F00EEA285 /* WebVwViewController.swift in Sources */,
				F97C05EE2B7A7C5B00793360 /* CircularProgressBar.swift in Sources */,
				F97C05F82B7A7C5B00793360 /* RDTextView.swift in Sources */,
			);
			runOnlyForDeploymentPostprocessing = 0;
		};
/* End PBXSourcesBuildPhase section */

/* Begin PBXVariantGroup section */
		F9802DBF2B77F69A00C528C8 /* Main.storyboard */ = {
			isa = PBXVariantGroup;
			children = (
				F9802DC02B77F69A00C528C8 /* Base */,
				F9B60A152C26ED770094A10E /* tr */,
				F9B60A172C26ED880094A10E /* ru */,
				F9B60A192C26ED950094A10E /* fr */,
				F9B60A1B2C26ED9B0094A10E /* de */,
				F9B60A1D2C26EDA40094A10E /* es */,
				F9B60A1F2C26EDB30094A10E /* it */,
				F9B60A212C26EDB80094A10E /* ar */,
				F9B60A232C26EDCA0094A10E /* zh-Hans */,
				F9B60A252C26EDD30094A10E /* ja */,
			);
			name = Main.storyboard;
			sourceTree = "<group>";
		};
		F9802DC42B77F69B00C528C8 /* LaunchScreen.storyboard */ = {
			isa = PBXVariantGroup;
			children = (
				F9802DC52B77F69B00C528C8 /* Base */,
				F9B60A162C26ED770094A10E /* tr */,
				F9B60A182C26ED880094A10E /* ru */,
				F9B60A1A2C26ED960094A10E /* fr */,
				F9B60A1C2C26ED9B0094A10E /* de */,
				F9B60A1E2C26EDA40094A10E /* es */,
				F9B60A202C26EDB40094A10E /* it */,
				F9B60A222C26EDB80094A10E /* ar */,
				F9B60A242C26EDCB0094A10E /* zh-Hans */,
				F9B60A262C26EDD30094A10E /* ja */,
			);
			name = LaunchScreen.storyboard;
			sourceTree = "<group>";
		};
		F9B60A282C26EE450094A10E /* Localizable.strings */ = {
			isa = PBXVariantGroup;
			children = (
				F9B60A292C26EE450094A10E /* en */,
				F9B60A2D2C26EE6B0094A10E /* ar */,
				F9B60A2E2C26EE6F0094A10E /* zh-Hans */,
				F9B60A2F2C26EE700094A10E /* fr */,
				F9B60A302C26EE710094A10E /* it */,
				F9B60A312C26EE720094A10E /* de */,
				F9B60A322C26EE730094A10E /* ja */,
				F9B60A332C26EE730094A10E /* ru */,
				F9B60A342C26EE740094A10E /* es */,
				F9B60A352C26EE750094A10E /* tr */,
			);
			name = Localizable.strings;
			sourceTree = "<group>";
		};
/* End PBXVariantGroup section */

/* Begin XCBuildConfiguration section */
		F9802DC82B77F69B00C528C8 /* Debug */ = {
			isa = XCBuildConfiguration;
			buildSettings = {
				ALWAYS_SEARCH_USER_PATHS = NO;
				ASSETCATALOG_COMPILER_GENERATE_SWIFT_ASSET_SYMBOL_EXTENSIONS = YES;
				CLANG_ANALYZER_LOCALIZABILITY_NONLOCALIZED = YES;
				CLANG_ANALYZER_NONNULL = YES;
				CLANG_ANALYZER_NUMBER_OBJECT_CONVERSION = YES_AGGRESSIVE;
				CLANG_CXX_LANGUAGE_STANDARD = "gnu++20";
				CLANG_ENABLE_MODULES = YES;
				CLANG_ENABLE_OBJC_ARC = YES;
				CLANG_ENABLE_OBJC_WEAK = YES;
				CLANG_WARN_BLOCK_CAPTURE_AUTORELEASING = YES;
				CLANG_WARN_BOOL_CONVERSION = YES;
				CLANG_WARN_COMMA = YES;
				CLANG_WARN_CONSTANT_CONVERSION = YES;
				CLANG_WARN_DEPRECATED_OBJC_IMPLEMENTATIONS = YES;
				CLANG_WARN_DIRECT_OBJC_ISA_USAGE = YES_ERROR;
				CLANG_WARN_DOCUMENTATION_COMMENTS = YES;
				CLANG_WARN_EMPTY_BODY = YES;
				CLANG_WARN_ENUM_CONVERSION = YES;
				CLANG_WARN_INFINITE_RECURSION = YES;
				CLANG_WARN_INT_CONVERSION = YES;
				CLANG_WARN_NON_LITERAL_NULL_CONVERSION = YES;
				CLANG_WARN_OBJC_IMPLICIT_RETAIN_SELF = YES;
				CLANG_WARN_OBJC_LITERAL_CONVERSION = YES;
				CLANG_WARN_OBJC_ROOT_CLASS = YES_ERROR;
				CLANG_WARN_QUOTED_INCLUDE_IN_FRAMEWORK_HEADER = YES;
				CLANG_WARN_RANGE_LOOP_ANALYSIS = YES;
				CLANG_WARN_STRICT_PROTOTYPES = YES;
				CLANG_WARN_SUSPICIOUS_MOVE = YES;
				CLANG_WARN_UNGUARDED_AVAILABILITY = YES_AGGRESSIVE;
				CLANG_WARN_UNREACHABLE_CODE = YES;
				CLANG_WARN__DUPLICATE_METHOD_MATCH = YES;
				COPY_PHASE_STRIP = NO;
				DEBUG_INFORMATION_FORMAT = dwarf;
				ENABLE_STRICT_OBJC_MSGSEND = YES;
				ENABLE_TESTABILITY = YES;
				ENABLE_USER_SCRIPT_SANDBOXING = YES;
				GCC_C_LANGUAGE_STANDARD = gnu17;
				GCC_DYNAMIC_NO_PIC = NO;
				GCC_NO_COMMON_BLOCKS = YES;
				GCC_OPTIMIZATION_LEVEL = 0;
				GCC_PREPROCESSOR_DEFINITIONS = (
					"DEBUG=1",
					"$(inherited)",
				);
				GCC_WARN_64_TO_32_BIT_CONVERSION = YES;
				GCC_WARN_ABOUT_RETURN_TYPE = YES_ERROR;
				GCC_WARN_UNDECLARED_SELECTOR = YES;
				GCC_WARN_UNINITIALIZED_AUTOS = YES_AGGRESSIVE;
				GCC_WARN_UNUSED_FUNCTION = YES;
				GCC_WARN_UNUSED_VARIABLE = YES;
				IPHONEOS_DEPLOYMENT_TARGET = 17.2;
				LOCALIZATION_PREFERS_STRING_CATALOGS = YES;
				MTL_ENABLE_DEBUG_INFO = INCLUDE_SOURCE;
				MTL_FAST_MATH = YES;
				ONLY_ACTIVE_ARCH = YES;
				SDKROOT = iphoneos;
				SWIFT_ACTIVE_COMPILATION_CONDITIONS = "DEBUG $(inherited)";
				SWIFT_OPTIMIZATION_LEVEL = "-Onone";
			};
			name = Debug;
		};
		F9802DC92B77F69B00C528C8 /* Release */ = {
			isa = XCBuildConfiguration;
			buildSettings = {
				ALWAYS_SEARCH_USER_PATHS = NO;
				ASSETCATALOG_COMPILER_GENERATE_SWIFT_ASSET_SYMBOL_EXTENSIONS = YES;
				CLANG_ANALYZER_LOCALIZABILITY_NONLOCALIZED = YES;
				CLANG_ANALYZER_NONNULL = YES;
				CLANG_ANALYZER_NUMBER_OBJECT_CONVERSION = YES_AGGRESSIVE;
				CLANG_CXX_LANGUAGE_STANDARD = "gnu++20";
				CLANG_ENABLE_MODULES = YES;
				CLANG_ENABLE_OBJC_ARC = YES;
				CLANG_ENABLE_OBJC_WEAK = YES;
				CLANG_WARN_BLOCK_CAPTURE_AUTORELEASING = YES;
				CLANG_WARN_BOOL_CONVERSION = YES;
				CLANG_WARN_COMMA = YES;
				CLANG_WARN_CONSTANT_CONVERSION = YES;
				CLANG_WARN_DEPRECATED_OBJC_IMPLEMENTATIONS = YES;
				CLANG_WARN_DIRECT_OBJC_ISA_USAGE = YES_ERROR;
				CLANG_WARN_DOCUMENTATION_COMMENTS = YES;
				CLANG_WARN_EMPTY_BODY = YES;
				CLANG_WARN_ENUM_CONVERSION = YES;
				CLANG_WARN_INFINITE_RECURSION = YES;
				CLANG_WARN_INT_CONVERSION = YES;
				CLANG_WARN_NON_LITERAL_NULL_CONVERSION = YES;
				CLANG_WARN_OBJC_IMPLICIT_RETAIN_SELF = YES;
				CLANG_WARN_OBJC_LITERAL_CONVERSION = YES;
				CLANG_WARN_OBJC_ROOT_CLASS = YES_ERROR;
				CLANG_WARN_QUOTED_INCLUDE_IN_FRAMEWORK_HEADER = YES;
				CLANG_WARN_RANGE_LOOP_ANALYSIS = YES;
				CLANG_WARN_STRICT_PROTOTYPES = YES;
				CLANG_WARN_SUSPICIOUS_MOVE = YES;
				CLANG_WARN_UNGUARDED_AVAILABILITY = YES_AGGRESSIVE;
				CLANG_WARN_UNREACHABLE_CODE = YES;
				CLANG_WARN__DUPLICATE_METHOD_MATCH = YES;
				COPY_PHASE_STRIP = NO;
				DEBUG_INFORMATION_FORMAT = "dwarf-with-dsym";
				ENABLE_NS_ASSERTIONS = NO;
				ENABLE_STRICT_OBJC_MSGSEND = YES;
				ENABLE_USER_SCRIPT_SANDBOXING = YES;
				GCC_C_LANGUAGE_STANDARD = gnu17;
				GCC_NO_COMMON_BLOCKS = YES;
				GCC_WARN_64_TO_32_BIT_CONVERSION = YES;
				GCC_WARN_ABOUT_RETURN_TYPE = YES_ERROR;
				GCC_WARN_UNDECLARED_SELECTOR = YES;
				GCC_WARN_UNINITIALIZED_AUTOS = YES_AGGRESSIVE;
				GCC_WARN_UNUSED_FUNCTION = YES;
				GCC_WARN_UNUSED_VARIABLE = YES;
				IPHONEOS_DEPLOYMENT_TARGET = 17.2;
				LOCALIZATION_PREFERS_STRING_CATALOGS = YES;
				MTL_ENABLE_DEBUG_INFO = NO;
				MTL_FAST_MATH = YES;
				SDKROOT = iphoneos;
				SWIFT_COMPILATION_MODE = wholemodule;
				VALIDATE_PRODUCT = YES;
			};
			name = Release;
		};
		F9802DCB2B77F69B00C528C8 /* Debug */ = {
			isa = XCBuildConfiguration;
			baseConfigurationReference = D32D5BDC242359A370F24482 /* Pods-SocialGame.debug.xcconfig */;
			buildSettings = {
				ASSETCATALOG_COMPILER_APPICON_NAME = AppIcon;
				ASSETCATALOG_COMPILER_GLOBAL_ACCENT_COLOR_NAME = AccentColor;
				CODE_SIGN_ENTITLEMENTS = SocialGame/SocialGame.entitlements;
				CODE_SIGN_STYLE = Automatic;
				CURRENT_PROJECT_VERSION = 1;
				DEVELOPMENT_TEAM = QQG625577S;
				ENABLE_USER_SCRIPT_SANDBOXING = NO;
				GENERATE_INFOPLIST_FILE = YES;
				INFOPLIST_FILE = SocialGame/Info.plist;
				INFOPLIST_KEY_CFBundleDisplayName = "Friendship Games";
				INFOPLIST_KEY_LSApplicationCategoryType = "public.app-category.games";
				INFOPLIST_KEY_NSAppleMusicUsageDescription = "App needs your library permission to set up your profile pic";
				INFOPLIST_KEY_NSBluetoothAlwaysUsageDescription = "Our app does not request this permission or utilize this functionality but it is included in our info.plist since our app utilizes the react-native-permissions library, which references this permission in its code.";
				INFOPLIST_KEY_NSCameraUsageDescription = "App need your camera permission to set your profile pic";
				INFOPLIST_KEY_NSLocationAlwaysAndWhenInUseUsageDescription = "App needs you location permission to post the game and show event in worldwide";
				INFOPLIST_KEY_NSLocationAlwaysUsageDescription = "You have to describe the real usage for a human.";
				INFOPLIST_KEY_NSLocationUsageDescription = "You have to describe the real usage for a human.";
				INFOPLIST_KEY_NSLocationWhenInUseUsageDescription = "You have to describe the real usage for a human.";
				INFOPLIST_KEY_UIApplicationSupportsIndirectInputEvents = YES;
				INFOPLIST_KEY_UILaunchStoryboardName = LaunchScreen;
				INFOPLIST_KEY_UIMainStoryboardFile = Main;
				INFOPLIST_KEY_UISupportedInterfaceOrientations = UIInterfaceOrientationPortrait;
				INFOPLIST_KEY_UISupportedInterfaceOrientations_iPad = "UIInterfaceOrientationLandscapeLeft UIInterfaceOrientationLandscapeRight UIInterfaceOrientationPortrait UIInterfaceOrientationPortraitUpsideDown";
				INFOPLIST_KEY_UIUserInterfaceStyle = Light;
				IPHONEOS_DEPLOYMENT_TARGET = 15.0;
				LD_RUNPATH_SEARCH_PATHS = (
					"$(inherited)",
					"@executable_path/Frameworks",
				);
				MARKETING_VERSION = 1.1;
				PRODUCT_BUNDLE_IDENTIFIER = com.ios.SocialGames;
				PRODUCT_NAME = "$(TARGET_NAME)";
				SUPPORTED_PLATFORMS = "iphoneos iphonesimulator";
				SUPPORTS_MACCATALYST = NO;
				SUPPORTS_MAC_DESIGNED_FOR_IPHONE_IPAD = NO;
				SWIFT_EMIT_LOC_STRINGS = YES;
				SWIFT_VERSION = 5.0;
				TARGETED_DEVICE_FAMILY = 1;
			};
			name = Debug;
		};
		F9802DCC2B77F69B00C528C8 /* Release */ = {
			isa = XCBuildConfiguration;
			baseConfigurationReference = A827CA4965BFC4C690FC1F91 /* Pods-SocialGame.release.xcconfig */;
			buildSettings = {
				ASSETCATALOG_COMPILER_APPICON_NAME = AppIcon;
				ASSETCATALOG_COMPILER_GLOBAL_ACCENT_COLOR_NAME = AccentColor;
				CODE_SIGN_ENTITLEMENTS = SocialGame/SocialGame.entitlements;
				CODE_SIGN_STYLE = Automatic;
				CURRENT_PROJECT_VERSION = 1;
				DEVELOPMENT_TEAM = QQG625577S;
				ENABLE_USER_SCRIPT_SANDBOXING = NO;
				GENERATE_INFOPLIST_FILE = YES;
				INFOPLIST_FILE = SocialGame/Info.plist;
				INFOPLIST_KEY_CFBundleDisplayName = "Friendship Games";
				INFOPLIST_KEY_LSApplicationCategoryType = "public.app-category.games";
				INFOPLIST_KEY_NSAppleMusicUsageDescription = "App needs your library permission to set up your profile pic";
				INFOPLIST_KEY_NSBluetoothAlwaysUsageDescription = "Our app does not request this permission or utilize this functionality but it is included in our info.plist since our app utilizes the react-native-permissions library, which references this permission in its code.";
				INFOPLIST_KEY_NSCameraUsageDescription = "App need your camera permission to set your profile pic";
				INFOPLIST_KEY_NSLocationAlwaysAndWhenInUseUsageDescription = "App needs you location permission to post the game and show event in worldwide";
				INFOPLIST_KEY_NSLocationAlwaysUsageDescription = "You have to describe the real usage for a human.";
				INFOPLIST_KEY_NSLocationUsageDescription = "You have to describe the real usage for a human.";
				INFOPLIST_KEY_NSLocationWhenInUseUsageDescription = "You have to describe the real usage for a human.";
				INFOPLIST_KEY_UIApplicationSupportsIndirectInputEvents = YES;
				INFOPLIST_KEY_UILaunchStoryboardName = LaunchScreen;
				INFOPLIST_KEY_UIMainStoryboardFile = Main;
				INFOPLIST_KEY_UISupportedInterfaceOrientations = UIInterfaceOrientationPortrait;
				INFOPLIST_KEY_UISupportedInterfaceOrientations_iPad = "UIInterfaceOrientationLandscapeLeft UIInterfaceOrientationLandscapeRight UIInterfaceOrientationPortrait UIInterfaceOrientationPortraitUpsideDown";
				INFOPLIST_KEY_UIUserInterfaceStyle = Light;
				IPHONEOS_DEPLOYMENT_TARGET = 15.0;
				LD_RUNPATH_SEARCH_PATHS = (
					"$(inherited)",
					"@executable_path/Frameworks",
				);
				MARKETING_VERSION = 1.1;
				PRODUCT_BUNDLE_IDENTIFIER = com.ios.SocialGames;
				PRODUCT_NAME = "$(TARGET_NAME)";
				SUPPORTED_PLATFORMS = "iphoneos iphonesimulator";
				SUPPORTS_MACCATALYST = NO;
				SUPPORTS_MAC_DESIGNED_FOR_IPHONE_IPAD = NO;
				SWIFT_EMIT_LOC_STRINGS = YES;
				SWIFT_VERSION = 5.0;
				TARGETED_DEVICE_FAMILY = 1;
			};
			name = Release;
		};
/* End XCBuildConfiguration section */

/* Begin XCConfigurationList section */
		F9802DB12B77F69900C528C8 /* Build configuration list for PBXProject "SocialGame" */ = {
			isa = XCConfigurationList;
			buildConfigurations = (
				F9802DC82B77F69B00C528C8 /* Debug */,
				F9802DC92B77F69B00C528C8 /* Release */,
			);
			defaultConfigurationIsVisible = 0;
			defaultConfigurationName = Release;
		};
		F9802DCA2B77F69B00C528C8 /* Build configuration list for PBXNativeTarget "SocialGame" */ = {
			isa = XCConfigurationList;
			buildConfigurations = (
				F9802DCB2B77F69B00C528C8 /* Debug */,
				F9802DCC2B77F69B00C528C8 /* Release */,
			);
			defaultConfigurationIsVisible = 0;
			defaultConfigurationName = Release;
		};
/* End XCConfigurationList section */
	};
	rootObject = F9802DAE2B77F69900C528C8 /* Project object */;
}
